{
  "version": 2,
  "dependencies": {
    "net7.0": {
      "Maa.AgentBinary": {
        "type": "Direct",
        "requested": "[1.0.0, )",
        "resolved": "1.0.0",
        "contentHash": "09TsLd4LbaxoK68AZAg4MZFle/kkX8JZTbjRbkJYptyUCPCtdbVr8odukKG1CUzL4Wumbu+Fk7ppNX/OSlRMOA=="
      },
      "Maa.ToolKit.Extensions": {
        "type": "Direct",
        "requested": "[1.0.0-beta.2.1, )",
        "resolved": "1.0.0-beta.2.1",
        "contentHash": "thrl7AxC1syPjp3ls5BLaK3dnECjCcCJyLxAM42bqrMuoHqQ7E8gsrbOmy1w862CJYtSAdAVXY8HSa6PoeIH5w==",
        "dependencies": {
          "Maa.Framework.Runtimes": "1.0.0-beta.2"
        }
      },
      "Serilog": {
        "type": "Direct",
        "requested": "[3.0.1, )",
        "resolved": "3.0.1",
        "contentHash": "E4UmOQ++eNJax1laE+lws7E3zbhKgHsGJbO7ra0yE5smUh+5FfUPIKKBxM3MO1tK4sgpQke6/pLReDxIc/ggNw=="
      },
      "Serilog.Sinks.Console": {
        "type": "Direct",
        "requested": "[4.1.0, )",
        "resolved": "4.1.0",
        "contentHash": "K6N5q+5fetjnJPvCmkWOpJ/V8IEIoMIB1s86OzBrbxwTyHxdx3pmz4H+8+O/Dc/ftUX12DM1aynx/dDowkwzqg==",
        "dependencies": {
          "Serilog": "2.10.0"
        }
      },
      "Serilog.Sinks.Debug": {
        "type": "Direct",
        "requested": "[2.0.0, )",
        "resolved": "2.0.0",
        "contentHash": "Y6g3OBJ4JzTyyw16fDqtFcQ41qQAydnEvEqmXjhwhgjsnG/FaJ8GUqF5ldsC/bVkK8KYmqrPhDO+tm4dF6xx4A==",
        "dependencies": {
          "Serilog": "2.10.0"
        }
      },
      "Serilog.Sinks.File": {
        "type": "Direct",
        "requested": "[5.0.0, )",
        "resolved": "5.0.0",
        "contentHash": "uwV5hdhWPwUH1szhO8PJpFiahqXmzPzJT/sOijH/kFgUx+cyoDTMM8MHD0adw9+Iem6itoibbUXHYslzXsLEAg==",
        "dependencies": {
          "Serilog": "2.10.0"
        }
      },
      "Maa.Framework.Runtimes": {
        "type": "CentralTransitive",
        "requested": "[0.3.7, )",
        "resolved": "1.0.0-beta.2",
        "contentHash": "QKOddDHKVdSeps/l1qw8AAI4hxhGEisRNIZE8YEHVB1Q9vliM3Lo8C+UEOLdvWS7yZhUlRq9oUo7ju9hhOlk+A=="
      }
    },
    "net7.0/linux-arm64": {
      "Maa.Framework.Runtimes": {
        "type": "CentralTransitive",
        "requested": "[0.3.7, )",
        "resolved": "1.0.0-beta.2",
        "contentHash": "QKOddDHKVdSeps/l1qw8AAI4hxhGEisRNIZE8YEHVB1Q9vliM3Lo8C+UEOLdvWS7yZhUlRq9oUo7ju9hhOlk+A=="
      }
    },
    "net7.0/linux-x64": {
      "Maa.Framework.Runtimes": {
        "type": "CentralTransitive",
        "requested": "[0.3.7, )",
        "resolved": "1.0.0-beta.2",
        "contentHash": "QKOddDHKVdSeps/l1qw8AAI4hxhGEisRNIZE8YEHVB1Q9vliM3Lo8C+UEOLdvWS7yZhUlRq9oUo7ju9hhOlk+A=="
      }
    },
    "net7.0/osx-arm64": {
      "Maa.Framework.Runtimes": {
        "type": "CentralTransitive",
        "requested": "[0.3.7, )",
        "resolved": "1.0.0-beta.2",
        "contentHash": "QKOddDHKVdSeps/l1qw8AAI4hxhGEisRNIZE8YEHVB1Q9vliM3Lo8C+UEOLdvWS7yZhUlRq9oUo7ju9hhOlk+A=="
      }
    },
    "net7.0/osx-x64": {
      "Maa.Framework.Runtimes": {
        "type": "CentralTransitive",
        "requested": "[0.3.7, )",
        "resolved": "1.0.0-beta.2",
        "contentHash": "QKOddDHKVdSeps/l1qw8AAI4hxhGEisRNIZE8YEHVB1Q9vliM3Lo8C+UEOLdvWS7yZhUlRq9oUo7ju9hhOlk+A=="
      }
    },
    "net7.0/win-arm64": {
      "Maa.Framework.Runtimes": {
        "type": "CentralTransitive",
        "requested": "[0.3.7, )",
        "resolved": "1.0.0-beta.2",
        "contentHash": "QKOddDHKVdSeps/l1qw8AAI4hxhGEisRNIZE8YEHVB1Q9vliM3Lo8C+UEOLdvWS7yZhUlRq9oUo7ju9hhOlk+A=="
      }
    },
    "net7.0/win-x64": {
      "Maa.Framework.Runtimes": {
        "type": "CentralTransitive",
        "requested": "[0.3.7, )",
        "resolved": "1.0.0-beta.2",
        "contentHash": "QKOddDHKVdSeps/l1qw8AAI4hxhGEisRNIZE8YEHVB1Q9vliM3Lo8C+UEOLdvWS7yZhUlRq9oUo7ju9hhOlk+A=="
      }
    }
  }
}